<?xml version="1.0" encoding="utf-8"?>
<Project xmlns="http://schemas.microsoft.com/developer/msbuild/2003">
  <ItemGroup>
    <Filter Include="Form Files">
      <UniqueIdentifier>{99349809-55BA-4b9d-BF79-8FDBB0286EB3}</UniqueIdentifier>
      <Extensions>ui</Extensions>
      <ParseFiles>false</ParseFiles>
    </Filter>
    <Filter Include="Form Files">
      <UniqueIdentifier>{99349809-55BA-4b9d-BF79-8FDBB0286EB3}</UniqueIdentifier>
      <Extensions>ui</Extensions>
      <ParseFiles>false</ParseFiles>
    </Filter>
    <Filter Include="Generated Files">
      <UniqueIdentifier>{71ED8ED8-ACB9-4CE9-BBE1-E00B30144E11}</UniqueIdentifier>
      <Extensions>cpp;c;cxx;moc;h;def;odl;idl;res;</Extensions>
    </Filter>
    <Filter Include="Generated Files">
      <UniqueIdentifier>{71ED8ED8-ACB9-4CE9-BBE1-E00B30144E11}</UniqueIdentifier>
      <Extensions>cpp;c;cxx;moc;h;def;odl;idl;res;</Extensions>
    </Filter>
    <Filter Include="Header Files">
      <UniqueIdentifier>{93995380-89BD-4b04-88EB-625FBE52EBFB}</UniqueIdentifier>
      <Extensions>h;hpp;hxx;hm;inl;inc;xsd</Extensions>
    </Filter>
    <Filter Include="Header Files">
      <UniqueIdentifier>{93995380-89BD-4b04-88EB-625FBE52EBFB}</UniqueIdentifier>
      <Extensions>h;hpp;hxx;hm;inl;inc;xsd</Extensions>
    </Filter>
    <Filter Include="Resource Files">
      <UniqueIdentifier>{D9D6E242-F8AF-46E4-B9FD-80ECBC20BA3E}</UniqueIdentifier>
      <Extensions>qrc;*</Extensions>
      <ParseFiles>false</ParseFiles>
    </Filter>
    <Filter Include="Resource Files">
      <UniqueIdentifier>{D9D6E242-F8AF-46E4-B9FD-80ECBC20BA3E}</UniqueIdentifier>
      <Extensions>qrc;*</Extensions>
      <ParseFiles>false</ParseFiles>
    </Filter>
    <Filter Include="Source Files">
      <UniqueIdentifier>{4FC737F1-C7A5-4376-A066-2A32D752A2FF}</UniqueIdentifier>
      <Extensions>cpp;c;cxx;def;odl;idl;hpj;bat;asm;asmx</Extensions>
    </Filter>
    <Filter Include="Source Files">
      <UniqueIdentifier>{4FC737F1-C7A5-4376-A066-2A32D752A2FF}</UniqueIdentifier>
      <Extensions>cpp;c;cxx;def;odl;idl;hpj;bat;asm;asmx</Extensions>
    </Filter>
  </ItemGroup>
  <ItemGroup>
    <ClCompile Include="BrigthnessScrollBar.cpp">
      <Filter>Source Files</Filter>
    </ClCompile>
    <ClCompile Include="CmdThread.cpp">
      <Filter>Source Files</Filter>
    </ClCompile>
    <ClCompile Include="ColorValueSetDlg.cpp">
      <Filter>Source Files</Filter>
    </ClCompile>
    <ClCompile Include="FanViewSettingDlg.cpp">
      <Filter>Source Files</Filter>
    </ClCompile>
    <ClCompile Include="dataacquisition.cpp">
      <Filter>Source Files</Filter>
    </ClCompile>
    <ClCompile Include="main.cpp">
      <Filter>Source Files</Filter>
    </ClCompile>
    <ClCompile Include="mainwindow.cpp">
      <Filter>Source Files</Filter>
    </ClCompile>
    <ClCompile Include="myopenglwidget.cpp">
      <Filter>Source Files</Filter>
    </ClCompile>
    <ClCompile Include="parsingfile.cpp">
      <Filter>Source Files</Filter>
    </ClCompile>
    <ClCompile Include="replayprogress.cpp">
      <Filter>Source Files</Filter>
    </ClCompile>
  </ItemGroup>
  <ItemGroup>
    <ClInclude Include="BrigthnessScrollBar.h">
      <Filter>Header Files</Filter>
    </ClInclude>
    <ClInclude Include="CmdThread.h">
      <Filter>Header Files</Filter>
    </ClInclude>
    <QtMoc Include="ColorValueSetDlg.h">
      <Filter>Header Files</Filter>
    </QtMoc>
    <ClInclude Include="CommonDefs.h">
      <Filter>Header Files</Filter>
    </ClInclude>
    <QtMoc Include="FanViewSettingDlg.h">
      <Filter>Header Files</Filter>
    </QtMoc>
    <ClInclude Include="Packet.h">
      <Filter>Header Files</Filter>
    </ClInclude>
    <QtMoc Include="dataacquisition.h">
      <Filter>Header Files</Filter>
    </QtMoc>
    <QtMoc Include="mainwindow.h">
      <Filter>Header Files</Filter>
    </QtMoc>
    <QtMoc Include="myopenglwidget.h">
      <Filter>Header Files</Filter>
    </QtMoc>
    <QtMoc Include="parsingfile.h">
      <Filter>Header Files</Filter>
    </QtMoc>
    <QtMoc Include="replayprogress.h">
      <Filter>Header Files</Filter>
    </QtMoc>
  </ItemGroup>
  <ItemGroup>
    <CustomBuild Include="debug\moc_predefs.h.cbt">
      <Filter>Generated Files</Filter>
    </CustomBuild>
    <CustomBuild Include="release\moc_predefs.h.cbt">
      <Filter>Generated Files</Filter>
    </CustomBuild>
  </ItemGroup>
  <ItemGroup>
    <QtUic Include="ColorValueSetDlg.ui">
      <Filter>Form Files</Filter>
    </QtUic>
    <QtUic Include="FanViewSettingDlg.ui">
      <Filter>Form Files</Filter>
    </QtUic>
    <QtUic Include="mainwindow.ui">
      <Filter>Form Files</Filter>
    </QtUic>
  </ItemGroup>
  <ItemGroup>
    <None Include="res\About.bmp">
      <Filter>Resource Files</Filter>
    </None>
    <None Include="res\IDSSElogo.ico">
      <Filter>Resource Files</Filter>
    </None>
    <None Include="res\IDSSElogo.png">
      <Filter>Resource Files</Filter>
    </None>
    <None Include="res\beijjl2.png">
      <Filter>Resource Files</Filter>
    </None>
    <None Include="res\cursor.png">
      <Filter>Resource Files</Filter>
    </None>
    <None Include="res\disk.png">
      <Filter>Resource Files</Filter>
    </None>
    <None Include="res\fast.png">
      <Filter>Resource Files</Filter>
    </None>
    <None Include="res\file_extension_bin.png">
      <Filter>Resource Files</Filter>
    </None>
    <None Include="res\fold.png">
      <Filter>Resource Files</Filter>
    </None>
    <None Include="res\fold2.png">
      <Filter>Resource Files</Filter>
    </None>
    <None Include="res\information.png">
      <Filter>Resource Files</Filter>
    </None>
    <None Include="res\link.png">
      <Filter>Resource Files</Filter>
    </None>
    <None Include="res\link_add.png">
      <Filter>Resource Files</Filter>
    </None>
    <None Include="res\link_break.png">
      <Filter>Resource Files</Filter>
    </None>
    <None Include="res\link_delete.png">
      <Filter>Resource Files</Filter>
    </None>
    <None Include="res\magnifier.png">
      <Filter>Resource Files</Filter>
    </None>
    <None Include="res\magnifier_zoom_in.png">
      <Filter>Resource Files</Filter>
    </None>
    <None Include="res\magnifier_zoom_out.png">
      <Filter>Resource Files</Filter>
    </None>
    <None Include="res\openFile.jpg">
      <Filter>Resource Files</Filter>
    </None>
    <None Include="res\openHS.png">
      <Filter>Resource Files</Filter>
    </None>
    <None Include="res\package_delete.png">
      <Filter>Resource Files</Filter>
    </None>
    <None Include="res\package_green.png">
      <Filter>Resource Files</Filter>
    </None>
    <None Include="res\pause.png">
      <Filter>Resource Files</Filter>
    </None>
    <None Include="res\pencil_ruler.png">
      <Filter>Resource Files</Filter>
    </None>
    <None Include="res\picture.png">
      <Filter>Resource Files</Filter>
    </None>
    <None Include="res\picture_delete.png">
      <Filter>Resource Files</Filter>
    </None>
    <None Include="res\picture_edit.png">
      <Filter>Resource Files</Filter>
    </None>
    <None Include="res\picture_insert.png">
      <Filter>Resource Files</Filter>
    </None>
    <None Include="res\picture_save.png">
      <Filter>Resource Files</Filter>
    </None>
    <None Include="res\question.png">
      <Filter>Resource Files</Filter>
    </None>
    <QtRcc Include="res.qrc">
      <Filter>Resource Files</Filter>
    </QtRcc>
    <None Include="res\research.png">
      <Filter>Resource Files</Filter>
    </None>
    <None Include="res\resultset_first.png">
      <Filter>Resource Files</Filter>
    </None>
    <None Include="res\resultset_last.png">
      <Filter>Resource Files</Filter>
    </None>
    <None Include="res\resultset_next.png">
      <Filter>Resource Files</Filter>
    </None>
    <None Include="res\resultset_previous.png">
      <Filter>Resource Files</Filter>
    </None>
    <None Include="res\run.png">
      <Filter>Resource Files</Filter>
    </None>
    <None Include="res\saveHS.png">
      <Filter>Resource Files</Filter>
    </None>
    <None Include="res\slow.png">
      <Filter>Resource Files</Filter>
    </None>
    <None Include="res\smallWindow.png">
      <Filter>Resource Files</Filter>
    </None>
    <None Include="res\start.png">
      <Filter>Resource Files</Filter>
    </None>
    <None Include="res\stop.jpg">
      <Filter>Resource Files</Filter>
    </None>
    <None Include="res\stop.png">
      <Filter>Resource Files</Filter>
    </None>
    <None Include="res\unfold.png">
      <Filter>Resource Files</Filter>
    </None>
    <None Include="res\unfold2.png">
      <Filter>Resource Files</Filter>
    </None>
  </ItemGroup>
</Project>